
Microsoft Visual Studio Solution File, Format Version 12.00
# Visual Studio Version 16
VisualStudioVersion = 16.0.32228.343
MinimumVisualStudioVersion = 10.0.40219.1
Project("{9A19103F-16F7-4668-BE54-9A1E7A4F7556}") = "CSharpSeleniumFramework", "CSharpSeleniumFramework.csproj", "{6CA74836-6DD6-4F97-BD24-C3CC30A9B795}"
EndProject
Global
	GlobalSection(SolutionConfigurationPlatforms) = preSolution
		Debug|Any CPU = Debug|Any CPU
		Release|Any CPU = Release|Any CPU
	EndGlobalSection
	GlobalSection(ProjectConfigurationPlatforms) = postSolution
		{6CA74836-6DD6-4F97-BD24-C3CC30A9B795}.Debug|Any CPU.ActiveCfg = Debug|Any CPU
		{6CA74836-6DD6-4F97-BD24-C3CC30A9B795}.Debug|Any CPU.Build.0 = Debug|Any CPU
		{6CA74836-6DD6-4F97-BD24-C3CC30A9B795}.Release|Any CPU.ActiveCfg = Release|Any CPU
		{6CA74836-6DD6-4F97-BD24-C3CC30A9B795}.Release|Any CPU.Build.0 = Release|Any CPU
	EndGlobalSection
	GlobalSection(SolutionProperties) = preSolution
		HideSolutionNode = FALSE
	EndGlobalSection
	GlobalSection(ExtensibilityGlobals) = postSolution
		SolutionGuid = {FC5A4417-D2ED-4F6D-998F-832DFB509AC8}
	EndGlobalSection
EndGlobal
